
Microsoft Visual Studio Solution File, Format Version 12.00
# Visual Studio Version 16
VisualStudioVersion = 16.0.31402.337
MinimumVisualStudioVersion = 10.0.40219.1
Project("{FAE04EC0-301F-11D3-BF4B-00C04F79EFBC}") = "PUNTO_DE_VENTA", "PUNTO_DE_VENTA\PUNTO_DE_VENTA.csproj", "{F9DC1340-A1BE-49BF-A793-952468D3998D}"
EndProject
Project("{2150E333-8FDC-42A3-9474-1A3956D46DE8}") = "SOLUCION", "SOLUCION", "{5E15AC49-4DDF-498F-8A7A-A47D322FC6F6}"
EndProject
Global
	GlobalSection(SolutionConfigurationPlatforms) = preSolution
		Debug|Any CPU = Debug|Any CPU
		Release|Any CPU = Release|Any CPU
	EndGlobalSection
	GlobalSection(ProjectConfigurationPlatforms) = postSolution
		{F9DC1340-A1BE-49BF-A793-952468D3998D}.Debug|Any CPU.ActiveCfg = Debug|Any CPU
		{F9DC1340-A1BE-49BF-A793-952468D3998D}.Debug|Any CPU.Build.0 = Debug|Any CPU
		{F9DC1340-A1BE-49BF-A793-952468D3998D}.Release|Any CPU.ActiveCfg = Release|Any CPU
		{F9DC1340-A1BE-49BF-A793-952468D3998D}.Release|Any CPU.Build.0 = Release|Any CPU
	EndGlobalSection
	GlobalSection(SolutionProperties) = preSolution
		HideSolutionNode = FALSE
	EndGlobalSection
	GlobalSection(NestedProjects) = preSolution
		{F9DC1340-A1BE-49BF-A793-952468D3998D} = {5E15AC49-4DDF-498F-8A7A-A47D322FC6F6}
	EndGlobalSection
	GlobalSection(ExtensibilityGlobals) = postSolution
		SolutionGuid = {64832A2D-BFBD-4BD4-9DA4-083EECB4F0C1}
	EndGlobalSection
EndGlobal
